
Microsoft Visual Studio Solution File, Format Version 12.00
Project("{FAE04EC0-301F-11D3-BF4B-00C04F79EFBC}") = "KopfrechenTrainer", "KopfrechenTrainer\KopfrechenTrainer.csproj", "{2B06A345-731C-46DE-9BEB-0596E2A4ABFB}"
EndProject
Global
	GlobalSection(SolutionConfigurationPlatforms) = preSolution
		Debug|Any CPU = Debug|Any CPU
		Release|Any CPU = Release|Any CPU
	EndGlobalSection
	GlobalSection(ProjectConfigurationPlatforms) = postSolution
		{2B06A345-731C-46DE-9BEB-0596E2A4ABFB}.Debug|Any CPU.ActiveCfg = Debug|Any CPU
		{2B06A345-731C-46DE-9BEB-0596E2A4ABFB}.Debug|Any CPU.Build.0 = Debug|Any CPU
		{2B06A345-731C-46DE-9BEB-0596E2A4ABFB}.Release|Any CPU.ActiveCfg = Release|Any CPU
		{2B06A345-731C-46DE-9BEB-0596E2A4ABFB}.Release|Any CPU.Build.0 = Release|Any CPU
	EndGlobalSection
EndGlobal
